
Microsoft Visual Studio Solution File, Format Version 12.00
# Visual Studio 2012
Project("{FAE04EC0-301F-11D3-BF4B-00C04F79EFBC}") = "DNNCon", "DNNCon\DNNCon.csproj", "{729A6693-8D51-4231-8EF9-A3DEDF023B2A}"
EndProject
Project("{FAE04EC0-301F-11D3-BF4B-00C04F79EFBC}") = "DNNCon.iOS", "iOS\DNNCon.iOS.csproj", "{60CE7B7C-25A2-418E-A97D-9EB059C2EB9D}"
EndProject
Project("{FAE04EC0-301F-11D3-BF4B-00C04F79EFBC}") = "DNNCon.Droid", "Droid\DNNCon.Droid.csproj", "{3B3FD8AE-FE09-48DC-BB62-6DA864BA7380}"
EndProject
Global
	GlobalSection(SolutionConfigurationPlatforms) = preSolution
		Debug|Any CPU = Debug|Any CPU
		Release|Any CPU = Release|Any CPU
		Debug|iPhoneSimulator = Debug|iPhoneSimulator
		Release|iPhone = Release|iPhone
		Release|iPhoneSimulator = Release|iPhoneSimulator
		Debug|iPhone = Debug|iPhone
	EndGlobalSection
	GlobalSection(ProjectConfigurationPlatforms) = postSolution
		{3B3FD8AE-FE09-48DC-BB62-6DA864BA7380}.Debug|Any CPU.ActiveCfg = Debug|Any CPU
		{3B3FD8AE-FE09-48DC-BB62-6DA864BA7380}.Debug|Any CPU.Build.0 = Debug|Any CPU
		{3B3FD8AE-FE09-48DC-BB62-6DA864BA7380}.Debug|iPhone.ActiveCfg = Debug|Any CPU
		{3B3FD8AE-FE09-48DC-BB62-6DA864BA7380}.Debug|iPhone.Build.0 = Debug|Any CPU
		{3B3FD8AE-FE09-48DC-BB62-6DA864BA7380}.Debug|iPhoneSimulator.ActiveCfg = Debug|Any CPU
		{3B3FD8AE-FE09-48DC-BB62-6DA864BA7380}.Debug|iPhoneSimulator.Build.0 = Debug|Any CPU
		{3B3FD8AE-FE09-48DC-BB62-6DA864BA7380}.Release|Any CPU.ActiveCfg = Release|Any CPU
		{3B3FD8AE-FE09-48DC-BB62-6DA864BA7380}.Release|Any CPU.Build.0 = Release|Any CPU
		{3B3FD8AE-FE09-48DC-BB62-6DA864BA7380}.Release|iPhone.ActiveCfg = Release|Any CPU
		{3B3FD8AE-FE09-48DC-BB62-6DA864BA7380}.Release|iPhone.Build.0 = Release|Any CPU
		{3B3FD8AE-FE09-48DC-BB62-6DA864BA7380}.Release|iPhoneSimulator.ActiveCfg = Release|Any CPU
		{3B3FD8AE-FE09-48DC-BB62-6DA864BA7380}.Release|iPhoneSimulator.Build.0 = Release|Any CPU
		{60CE7B7C-25A2-418E-A97D-9EB059C2EB9D}.Debug|Any CPU.ActiveCfg = Debug|iPhoneSimulator
		{60CE7B7C-25A2-418E-A97D-9EB059C2EB9D}.Debug|Any CPU.Build.0 = Debug|iPhoneSimulator
		{60CE7B7C-25A2-418E-A97D-9EB059C2EB9D}.Debug|iPhone.ActiveCfg = Debug|iPhone
		{60CE7B7C-25A2-418E-A97D-9EB059C2EB9D}.Debug|iPhone.Build.0 = Debug|iPhone
		{60CE7B7C-25A2-418E-A97D-9EB059C2EB9D}.Debug|iPhoneSimulator.ActiveCfg = Debug|iPhoneSimulator
		{60CE7B7C-25A2-418E-A97D-9EB059C2EB9D}.Debug|iPhoneSimulator.Build.0 = Debug|iPhoneSimulator
		{60CE7B7C-25A2-418E-A97D-9EB059C2EB9D}.Release|Any CPU.ActiveCfg = Release|iPhone
		{60CE7B7C-25A2-418E-A97D-9EB059C2EB9D}.Release|Any CPU.Build.0 = Release|iPhone
		{60CE7B7C-25A2-418E-A97D-9EB059C2EB9D}.Release|iPhone.ActiveCfg = Release|iPhone
		{60CE7B7C-25A2-418E-A97D-9EB059C2EB9D}.Release|iPhone.Build.0 = Release|iPhone
		{60CE7B7C-25A2-418E-A97D-9EB059C2EB9D}.Release|iPhoneSimulator.ActiveCfg = Release|iPhoneSimulator
		{60CE7B7C-25A2-418E-A97D-9EB059C2EB9D}.Release|iPhoneSimulator.Build.0 = Release|iPhoneSimulator
		{729A6693-8D51-4231-8EF9-A3DEDF023B2A}.Debug|Any CPU.ActiveCfg = Debug|Any CPU
		{729A6693-8D51-4231-8EF9-A3DEDF023B2A}.Debug|Any CPU.Build.0 = Debug|Any CPU
		{729A6693-8D51-4231-8EF9-A3DEDF023B2A}.Debug|iPhone.ActiveCfg = Debug|Any CPU
		{729A6693-8D51-4231-8EF9-A3DEDF023B2A}.Debug|iPhone.Build.0 = Debug|Any CPU
		{729A6693-8D51-4231-8EF9-A3DEDF023B2A}.Debug|iPhoneSimulator.ActiveCfg = Debug|Any CPU
		{729A6693-8D51-4231-8EF9-A3DEDF023B2A}.Debug|iPhoneSimulator.Build.0 = Debug|Any CPU
		{729A6693-8D51-4231-8EF9-A3DEDF023B2A}.Release|Any CPU.ActiveCfg = Release|Any CPU
		{729A6693-8D51-4231-8EF9-A3DEDF023B2A}.Release|Any CPU.Build.0 = Release|Any CPU
		{729A6693-8D51-4231-8EF9-A3DEDF023B2A}.Release|iPhone.ActiveCfg = Release|Any CPU
		{729A6693-8D51-4231-8EF9-A3DEDF023B2A}.Release|iPhone.Build.0 = Release|Any CPU
		{729A6693-8D51-4231-8EF9-A3DEDF023B2A}.Release|iPhoneSimulator.ActiveCfg = Release|Any CPU
		{729A6693-8D51-4231-8EF9-A3DEDF023B2A}.Release|iPhoneSimulator.Build.0 = Release|Any CPU
	EndGlobalSection
EndGlobal
